{
  "name": "seal",
  "version": "1.0.0",
  "dependencies": {
    "async": {
      "version": "0.9.0",
      "from": "async@0.9.0",
      "resolved": "https://registry.npmjs.org/async/-/async-0.9.0.tgz",
      "dev": true
    },
    "colors": {
      "version": "1.0.3",
      "from": "colors@1.0.3",
      "resolved": "https://registry.npmjs.org/colors/-/colors-1.0.3.tgz",
      "dev": true
    },
    "corser": {
      "version": "2.0.1",
      "from": "corser@>=2.0.0 <2.1.0",
      "resolved": "https://registry.npmjs.org/corser/-/corser-2.0.1.tgz",
      "dev": true
    },
    "ecstatic": {
      "version": "1.4.1",
      "from": "ecstatic@>=1.4.0 <2.0.0",
      "resolved": "https://registry.npmjs.org/ecstatic/-/ecstatic-1.4.1.tgz",
      "dev": true
    },
    "eventemitter3": {
      "version": "1.2.0",
      "from": "eventemitter3@>=1.0.0 <2.0.0",
      "resolved": "https://registry.npmjs.org/eventemitter3/-/eventemitter3-1.2.0.tgz",
      "dev": true
    },
    "he": {
      "version": "0.5.0",
      "from": "he@>=0.5.0 <0.6.0",
      "resolved": "https://registry.npmjs.org/he/-/he-0.5.0.tgz",
      "dev": true
    },
    "http-proxy": {
      "version": "1.15.2",
      "from": "http-proxy@>=1.8.1 <2.0.0",
      "resolved": "https://registry.npmjs.org/http-proxy/-/http-proxy-1.15.2.tgz",
      "dev": true
    },
    "http-server": {
      "version": "0.9.0",
      "from": "http-server@latest",
      "resolved": "https://registry.npmjs.org/http-server/-/http-server-0.9.0.tgz",
      "dev": true
    },
    "mime": {
      "version": "1.3.4",
      "from": "mime@>=1.2.11 <2.0.0",
      "resolved": "https://registry.npmjs.org/mime/-/mime-1.3.4.tgz",
      "dev": true
    },
    "minimist": {
      "version": "1.2.0",
      "from": "minimist@>=1.1.0 <2.0.0",
      "resolved": "https://registry.npmjs.org/minimist/-/minimist-1.2.0.tgz",
      "dev": true
    },
    "mkdirp": {
      "version": "0.5.1",
      "from": "mkdirp@>=0.5.0 <0.6.0",
      "resolved": "https://registry.npmjs.org/mkdirp/-/mkdirp-0.5.1.tgz",
      "dev": true,
      "dependencies": {
        "minimist": {
          "version": "0.0.8",
          "from": "minimist@0.0.8",
          "resolved": "https://registry.npmjs.org/minimist/-/minimist-0.0.8.tgz",
          "dev": true
        }
      }
    },
    "opener": {
      "version": "1.4.2",
      "from": "opener@>=1.4.0 <1.5.0",
      "resolved": "https://registry.npmjs.org/opener/-/opener-1.4.2.tgz",
      "dev": true
    },
    "optimist": {
      "version": "0.6.1",
      "from": "optimist@>=0.6.0 <0.7.0",
      "resolved": "https://registry.npmjs.org/optimist/-/optimist-0.6.1.tgz",
      "dev": true,
      "dependencies": {
        "minimist": {
          "version": "0.0.10",
          "from": "minimist@>=0.0.1 <0.1.0",
          "resolved": "https://registry.npmjs.org/minimist/-/minimist-0.0.10.tgz",
          "dev": true
        }
      }
    },
    "portfinder": {
      "version": "0.4.0",
      "from": "portfinder@>=0.4.0 <0.5.0",
      "resolved": "https://registry.npmjs.org/portfinder/-/portfinder-0.4.0.tgz",
      "dev": true
    },
    "qs": {
      "version": "2.3.3",
      "from": "qs@>=2.3.3 <2.4.0",
      "resolved": "https://registry.npmjs.org/qs/-/qs-2.3.3.tgz",
      "dev": true
    },
    "requires-port": {
      "version": "1.0.0",
      "from": "requires-port@>=1.0.0 <2.0.0",
      "resolved": "https://registry.npmjs.org/requires-port/-/requires-port-1.0.0.tgz",
      "dev": true
    },
    "union": {
      "version": "0.4.6",
      "from": "union@>=0.4.3 <0.5.0",
      "resolved": "https://registry.npmjs.org/union/-/union-0.4.6.tgz",
      "dev": true
    },
    "url-join": {
      "version": "1.1.0",
      "from": "url-join@>=1.0.0 <2.0.0",
      "resolved": "https://registry.npmjs.org/url-join/-/url-join-1.1.0.tgz",
      "dev": true
    },
    "wordwrap": {
      "version": "0.0.3",
      "from": "wordwrap@>=0.0.2 <0.1.0",
      "resolved": "https://registry.npmjs.org/wordwrap/-/wordwrap-0.0.3.tgz",
      "dev": true
    }
  }
}
